
Microsoft Visual Studio Solution File, Format Version 12.00
# Visual Studio Version 17
VisualStudioVersion = 17.3.32901.215
MinimumVisualStudioVersion = 10.0.40219.1
Project("{FAE04EC0-301F-11D3-BF4B-00C04F79EFBC}") = "WebApiAlumnos", "WebApiAlumnos\WebApiAlumnos.csproj", "{B0F45DC2-A58A-4E2D-AA9F-5607B2F04241}"
EndProject
Global
	GlobalSection(SolutionConfigurationPlatforms) = preSolution
		Debug|Any CPU = Debug|Any CPU
		Release|Any CPU = Release|Any CPU
	EndGlobalSection
	GlobalSection(ProjectConfigurationPlatforms) = postSolution
		{B0F45DC2-A58A-4E2D-AA9F-5607B2F04241}.Debug|Any CPU.ActiveCfg = Debug|Any CPU
		{B0F45DC2-A58A-4E2D-AA9F-5607B2F04241}.Debug|Any CPU.Build.0 = Debug|Any CPU
		{B0F45DC2-A58A-4E2D-AA9F-5607B2F04241}.Release|Any CPU.ActiveCfg = Release|Any CPU
		{B0F45DC2-A58A-4E2D-AA9F-5607B2F04241}.Release|Any CPU.Build.0 = Release|Any CPU
	EndGlobalSection
	GlobalSection(SolutionProperties) = preSolution
		HideSolutionNode = FALSE
	EndGlobalSection
	GlobalSection(ExtensibilityGlobals) = postSolution
		SolutionGuid = {7DC31D4D-28ED-4933-89C1-49B0B14CB2B3}
	EndGlobalSection
EndGlobal
